
Microsoft Visual Studio Solution File, Format Version 12.00
# Visual Studio Version 16
VisualStudioVersion = 16.0.29519.181
MinimumVisualStudioVersion = 10.0.40219.1
Project("{FAE04EC0-301F-11D3-BF4B-00C04F79EFBC}") = "Menu", "Menu\Menu.csproj", "{8FC58B47-1828-45BF-BF35-4147C733A1BD}"
EndProject
Global
	GlobalSection(SolutionConfigurationPlatforms) = preSolution
		Debug|Any CPU = Debug|Any CPU
		Release|Any CPU = Release|Any CPU
	EndGlobalSection
	GlobalSection(ProjectConfigurationPlatforms) = postSolution
		{8FC58B47-1828-45BF-BF35-4147C733A1BD}.Debug|Any CPU.ActiveCfg = Debug|Any CPU
		{8FC58B47-1828-45BF-BF35-4147C733A1BD}.Debug|Any CPU.Build.0 = Debug|Any CPU
		{8FC58B47-1828-45BF-BF35-4147C733A1BD}.Release|Any CPU.ActiveCfg = Release|Any CPU
		{8FC58B47-1828-45BF-BF35-4147C733A1BD}.Release|Any CPU.Build.0 = Release|Any CPU
	EndGlobalSection
	GlobalSection(SolutionProperties) = preSolution
		HideSolutionNode = FALSE
	EndGlobalSection
	GlobalSection(ExtensibilityGlobals) = postSolution
		SolutionGuid = {B1024002-9157-4621-9FB9-1ACA9AB2D67E}
	EndGlobalSection
EndGlobal
